{
    "_readme": [
        "This file locks the dependencies of your project to a known state",
        "Read more about it at https://getcomposer.org/doc/01-basic-usage.md#installing-dependencies",
        "This file is @generated automatically"
    ],
    "content-hash": "90c6a171e2413f81734b5edf76a9968c",
    "packages": [
        {
            "name": "fightbulc/moment",
            "version": "1.34",
            "source": {
                "type": "git",
                "url": "https://github.com/fightbulc/moment.php.git",
                "reference": "c813018ff87dfe77353f838908fc644cc5536b50"
            },
            "dist": {
                "type": "zip",
                "url": "https://api.github.com/repos/fightbulc/moment.php/zipball/c813018ff87dfe77353f838908fc644cc5536b50",
                "reference": "c813018ff87dfe77353f838908fc644cc5536b50",
                "shasum": ""
            },
            "require": {
                "php": ">=5.3.0"
            },
            "require-dev": {
                "phpunit/phpunit": "^4.8.36 || ^5.5 || ^6.5 || ^7.5 || ^9.0"
            },
            "type": "library",
            "autoload": {
                "psr-4": {
                    "Moment\\": "src/"
                }
            },
            "notification-url": "https://packagist.org/downloads/",
            "license": [
                "MIT"
            ],
            "authors": [
                {
                    "name": "Tino Ehrich",
                    "email": "tino@bigpun.me",
                    "role": "developer"
                }
            ],
            "description": "Parse, validate, manipulate, and display dates in PHP w/ i18n support. Inspired by moment.js",
            "keywords": [
                "date",
                "display",
                "format",
                "i18n",
                "locale",
                "manipulate",
                "moment",
                "parse",
                "time",
                "translation",
                "validate"
            ],
            "support": {
                "issues": "https://github.com/fightbulc/moment.php/issues",
                "source": "https://github.com/fightbulc/moment.php/tree/1.34"
            },
            "time": "2023-01-26T21:18:59+00:00"
        },
        {
            "name": "phpoption/phpoption",
            "version": "1.9.2",
            "source": {
                "type": "git",
                "url": "https://github.com/schmittjoh/php-option.git",
                "reference": "80735db690fe4fc5c76dfa7f9b770634285fa820"
            },
            "dist": {
                "type": "zip",
                "url": "https://api.github.com/repos/schmittjoh/php-option/zipball/80735db690fe4fc5c76dfa7f9b770634285fa820",
                "reference": "80735db690fe4fc5c76dfa7f9b770634285fa820",
                "shasum": ""
            },
            "require": {
                "php": "^7.2.5 || ^8.0"
            },
            "require-dev": {
                "bamarni/composer-bin-plugin": "^1.8.2",
                "phpunit/phpunit": "^8.5.34 || ^9.6.13 || ^10.4.2"
            },
            "type": "library",
            "extra": {
                "bamarni-bin": {
                    "bin-links": true,
                    "forward-command": true
                },
                "branch-alias": {
                    "dev-master": "1.9-dev"
                }
            },
            "autoload": {
                "psr-4": {
                    "PhpOption\\": "src/PhpOption/"
                }
            },
            "notification-url": "https://packagist.org/downloads/",
            "license": [
                "Apache-2.0"
            ],
            "authors": [
                {
                    "name": "Johannes M. Schmitt",
                    "email": "schmittjoh@gmail.com",
                    "homepage": "https://github.com/schmittjoh"
                },
                {
                    "name": "Graham Campbell",
                    "email": "hello@gjcampbell.co.uk",
                    "homepage": "https://github.com/GrahamCampbell"
                }
            ],
            "description": "Option Type for PHP",
            "keywords": [
                "language",
                "option",
                "php",
                "type"
            ],
            "support": {
                "issues": "https://github.com/schmittjoh/php-option/issues",
                "source": "https://github.com/schmittjoh/php-option/tree/1.9.2"
            },
            "funding": [
                {
                    "url": "https://github.com/GrahamCampbell",
                    "type": "github"
                },
                {
                    "url": "https://tidelift.com/funding/github/packagist/phpoption/phpoption",
                    "type": "tidelift"
                }
            ],
            "time": "2023-11-12T21:59:55+00:00"
        },
        {
            "name": "smarty/smarty",
            "version": "v5.1.0",
            "source": {
                "type": "git",
                "url": "https://github.com/smarty-php/smarty.git",
                "reference": "8d53d3cbf2a986f392d680349be0fc22661bf16c"
            },
            "dist": {
                "type": "zip",
                "url": "https://api.github.com/repos/smarty-php/smarty/zipball/8d53d3cbf2a986f392d680349be0fc22661bf16c",
                "reference": "8d53d3cbf2a986f392d680349be0fc22661bf16c",
                "shasum": ""
            },
            "require": {
                "php": "^7.2 || ^8.0",
                "symfony/polyfill-mbstring": "^1.27"
            },
            "require-dev": {
                "phpunit/phpunit": "^8.5 || ^7.5",
                "smarty/smarty-lexer": "^4.0.2"
            },
            "type": "library",
            "extra": {
                "branch-alias": {
                    "dev-master": "5.0.x-dev"
                }
            },
            "autoload": {
                "files": [
                    "src/functions.php"
                ],
                "psr-4": {
                    "Smarty\\": "src/"
                }
            },
            "notification-url": "https://packagist.org/downloads/",
            "license": [
                "LGPL-3.0"
            ],
            "authors": [
                {
                    "name": "Monte Ohrt",
                    "email": "monte@ohrt.com"
                },
                {
                    "name": "Uwe Tews",
                    "email": "uwe.tews@googlemail.com"
                },
                {
                    "name": "Rodney Rehm",
                    "email": "rodney.rehm@medialize.de"
                },
                {
                    "name": "Simon Wisselink",
                    "homepage": "https://www.iwink.nl/"
                }
            ],
            "description": "Smarty - the compiling PHP template engine",
            "homepage": "https://smarty-php.github.io/smarty/",
            "keywords": [
                "templating"
            ],
            "support": {
                "forum": "https://github.com/smarty-php/smarty/discussions",
                "issues": "https://github.com/smarty-php/smarty/issues",
                "source": "https://github.com/smarty-php/smarty/tree/v5.1.0"
            },
            "time": "2024-04-22T22:22:15+00:00"
        },
        {
            "name": "symfony/polyfill-ctype",
            "version": "v1.29.0",
            "source": {
                "type": "git",
                "url": "https://github.com/symfony/polyfill-ctype.git",
                "reference": "ef4d7e442ca910c4764bce785146269b30cb5fc4"
            },
            "dist": {
                "type": "zip",
                "url": "https://api.github.com/repos/symfony/polyfill-ctype/zipball/ef4d7e442ca910c4764bce785146269b30cb5fc4",
                "reference": "ef4d7e442ca910c4764bce785146269b30cb5fc4",
                "shasum": ""
            },
            "require": {
                "php": ">=7.1"
            },
            "provide": {
                "ext-ctype": "*"
            },
            "suggest": {
                "ext-ctype": "For best performance"
            },
            "type": "library",
            "extra": {
                "thanks": {
                    "name": "symfony/polyfill",
                    "url": "https://github.com/symfony/polyfill"
                }
            },
            "autoload": {
                "files": [
                    "bootstrap.php"
                ],
                "psr-4": {
                    "Symfony\\Polyfill\\Ctype\\": ""
                }
            },
            "notification-url": "https://packagist.org/downloads/",
            "license": [
                "MIT"
            ],
            "authors": [
                {
                    "name": "Gert de Pagter",
                    "email": "BackEndTea@gmail.com"
                },
                {
                    "name": "Symfony Community",
                    "homepage": "https://symfony.com/contributors"
                }
            ],
            "description": "Symfony polyfill for ctype functions",
            "homepage": "https://symfony.com",
            "keywords": [
                "compatibility",
                "ctype",
                "polyfill",
                "portable"
            ],
            "support": {
                "source": "https://github.com/symfony/polyfill-ctype/tree/v1.29.0"
            },
            "funding": [
                {
                    "url": "https://symfony.com/sponsor",
                    "type": "custom"
                },
                {
                    "url": "https://github.com/fabpot",
                    "type": "github"
                },
                {
                    "url": "https://tidelift.com/funding/github/packagist/symfony/symfony",
                    "type": "tidelift"
                }
            ],
            "time": "2024-01-29T20:11:03+00:00"
        },
        {
            "name": "symfony/polyfill-mbstring",
            "version": "v1.29.0",
            "source": {
                "type": "git",
                "url": "https://github.com/symfony/polyfill-mbstring.git",
                "reference": "9773676c8a1bb1f8d4340a62efe641cf76eda7ec"
            },
            "dist": {
                "type": "zip",
                "url": "https://api.github.com/repos/symfony/polyfill-mbstring/zipball/9773676c8a1bb1f8d4340a62efe641cf76eda7ec",
                "reference": "9773676c8a1bb1f8d4340a62efe641cf76eda7ec",
                "shasum": ""
            },
            "require": {
                "php": ">=7.1"
            },
            "provide": {
                "ext-mbstring": "*"
            },
            "suggest": {
                "ext-mbstring": "For best performance"
            },
            "type": "library",
            "extra": {
                "thanks": {
                    "name": "symfony/polyfill",
                    "url": "https://github.com/symfony/polyfill"
                }
            },
            "autoload": {
                "files": [
                    "bootstrap.php"
                ],
                "psr-4": {
                    "Symfony\\Polyfill\\Mbstring\\": ""
                }
            },
            "notification-url": "https://packagist.org/downloads/",
            "license": [
                "MIT"
            ],
            "authors": [
                {
                    "name": "Nicolas Grekas",
                    "email": "p@tchwork.com"
                },
                {
                    "name": "Symfony Community",
                    "homepage": "https://symfony.com/contributors"
                }
            ],
            "description": "Symfony polyfill for the Mbstring extension",
            "homepage": "https://symfony.com",
            "keywords": [
                "compatibility",
                "mbstring",
                "polyfill",
                "portable",
                "shim"
            ],
            "support": {
                "source": "https://github.com/symfony/polyfill-mbstring/tree/v1.29.0"
            },
            "funding": [
                {
                    "url": "https://symfony.com/sponsor",
                    "type": "custom"
                },
                {
                    "url": "https://github.com/fabpot",
                    "type": "github"
                },
                {
                    "url": "https://tidelift.com/funding/github/packagist/symfony/symfony",
                    "type": "tidelift"
                }
            ],
            "time": "2024-01-29T20:11:03+00:00"
        },
        {
            "name": "vlucas/phpdotenv",
            "version": "v3.6.10",
            "source": {
                "type": "git",
                "url": "https://github.com/vlucas/phpdotenv.git",
                "reference": "5b547cdb25825f10251370f57ba5d9d924e6f68e"
            },
            "dist": {
                "type": "zip",
                "url": "https://api.github.com/repos/vlucas/phpdotenv/zipball/5b547cdb25825f10251370f57ba5d9d924e6f68e",
                "reference": "5b547cdb25825f10251370f57ba5d9d924e6f68e",
                "shasum": ""
            },
            "require": {
                "php": "^5.4 || ^7.0 || ^8.0",
                "phpoption/phpoption": "^1.5.2",
                "symfony/polyfill-ctype": "^1.17"
            },
            "require-dev": {
                "ext-filter": "*",
                "ext-pcre": "*",
                "phpunit/phpunit": "^4.8.36 || ^5.7.27 || ^6.5.14 || ^7.5.20 || ^8.5.21"
            },
            "suggest": {
                "ext-filter": "Required to use the boolean validator.",
                "ext-pcre": "Required to use most of the library."
            },
            "type": "library",
            "extra": {
                "branch-alias": {
                    "dev-master": "3.6-dev"
                }
            },
            "autoload": {
                "psr-4": {
                    "Dotenv\\": "src/"
                }
            },
            "notification-url": "https://packagist.org/downloads/",
            "license": [
                "BSD-3-Clause"
            ],
            "authors": [
                {
                    "name": "Graham Campbell",
                    "email": "hello@gjcampbell.co.uk",
                    "homepage": "https://github.com/GrahamCampbell"
                },
                {
                    "name": "Vance Lucas",
                    "email": "vance@vancelucas.com",
                    "homepage": "https://github.com/vlucas"
                }
            ],
            "description": "Loads environment variables from `.env` to `getenv()`, `$_ENV` and `$_SERVER` automagically.",
            "keywords": [
                "dotenv",
                "env",
                "environment"
            ],
            "support": {
                "issues": "https://github.com/vlucas/phpdotenv/issues",
                "source": "https://github.com/vlucas/phpdotenv/tree/v3.6.10"
            },
            "funding": [
                {
                    "url": "https://github.com/GrahamCampbell",
                    "type": "github"
                },
                {
                    "url": "https://tidelift.com/funding/github/packagist/vlucas/phpdotenv",
                    "type": "tidelift"
                }
            ],
            "time": "2021-12-12T23:02:06+00:00"
        }
    ],
    "packages-dev": [],
    "aliases": [],
    "minimum-stability": "stable",
    "stability-flags": [],
    "prefer-stable": false,
    "prefer-lowest": false,
    "platform": {
        "php": ">=8.3",
        "ext-zlib": "*",
        "ext-json": "*",
        "ext-simplexml": "*",
        "ext-zip": "*",
        "ext-mysqli": "*"
    },
    "platform-dev": [],
    "plugin-api-version": "2.6.0"
}
